// !$*UTF8*$!
{
	archiveVersion = 1;
	classes = {
	};
	objectVersion = 56;
	objects = {

/* Begin PBXBuildFile section */
		122403A02AF65AC1003CF511 /* AppDelegate.swift in Sources */ = {isa = PBXBuildFile; fileRef = 1224039F2AF65AC1003CF511 /* AppDelegate.swift */; };
		122403A22AF65AC1003CF511 /* SceneDelegate.swift in Sources */ = {isa = PBXBuildFile; fileRef = 122403A12AF65AC1003CF511 /* SceneDelegate.swift */; };
		122403A42AF65AC1003CF511 /* MainPageController.swift in Sources */ = {isa = PBXBuildFile; fileRef = 122403A32AF65AC1003CF511 /* MainPageController.swift */; };
		122403A92AF65AC3003CF511 /* Assets.xcassets in Resources */ = {isa = PBXBuildFile; fileRef = 122403A82AF65AC3003CF511 /* Assets.xcassets */; };
		122403AC2AF65AC3003CF511 /* LaunchScreen.storyboard in Resources */ = {isa = PBXBuildFile; fileRef = 122403AA2AF65AC3003CF511 /* LaunchScreen.storyboard */; };
		122403B52AF6603F003CF511 /* SnapKit in Frameworks */ = {isa = PBXBuildFile; productRef = 122403B42AF6603F003CF511 /* SnapKit */; };
		122403B72AF6603F003CF511 /* SnapKit-Dynamic in Frameworks */ = {isa = PBXBuildFile; productRef = 122403B62AF6603F003CF511 /* SnapKit-Dynamic */; };
		122403B92AF6610C003CF511 /* RecipesCVCell.swift in Sources */ = {isa = PBXBuildFile; fileRef = 122403B82AF6610C003CF511 /* RecipesCVCell.swift */; };
		122403BB2AF66201003CF511 /* Recipe.swift in Sources */ = {isa = PBXBuildFile; fileRef = 122403BA2AF66201003CF511 /* Recipe.swift */; };
		122403C42AF6D824003CF511 /* RecipeDetailsController.swift in Sources */ = {isa = PBXBuildFile; fileRef = 122403C32AF6D824003CF511 /* RecipeDetailsController.swift */; };
/* End PBXBuildFile section */

/* Begin PBXFileReference section */
		1224039C2AF65AC0003CF511 /* RecipesTestTask.app */ = {isa = PBXFileReference; explicitFileType = wrapper.application; includeInIndex = 0; path = RecipesTestTask.app; sourceTree = BUILT_PRODUCTS_DIR; };
		1224039F2AF65AC1003CF511 /* AppDelegate.swift */ = {isa = PBXFileReference; lastKnownFileType = sourcecode.swift; path = AppDelegate.swift; sourceTree = "<group>"; };
		122403A12AF65AC1003CF511 /* SceneDelegate.swift */ = {isa = PBXFileReference; lastKnownFileType = sourcecode.swift; path = SceneDelegate.swift; sourceTree = "<group>"; };
		122403A32AF65AC1003CF511 /* MainPageController.swift */ = {isa = PBXFileReference; lastKnownFileType = sourcecode.swift; path = MainPageController.swift; sourceTree = "<group>"; };
		122403A82AF65AC3003CF511 /* Assets.xcassets */ = {isa = PBXFileReference; lastKnownFileType = folder.assetcatalog; path = Assets.xcassets; sourceTree = "<group>"; };
		122403AB2AF65AC3003CF511 /* Base */ = {isa = PBXFileReference; lastKnownFileType = file.storyboard; name = Base; path = Base.lproj/LaunchScreen.storyboard; sourceTree = "<group>"; };
		122403AD2AF65AC3003CF511 /* Info.plist */ = {isa = PBXFileReference; lastKnownFileType = text.plist.xml; path = Info.plist; sourceTree = "<group>"; };
		122403B82AF6610C003CF511 /* RecipesCVCell.swift */ = {isa = PBXFileReference; lastKnownFileType = sourcecode.swift; path = RecipesCVCell.swift; sourceTree = "<group>"; };
		122403BA2AF66201003CF511 /* Recipe.swift */ = {isa = PBXFileReference; lastKnownFileType = sourcecode.swift; path = Recipe.swift; sourceTree = "<group>"; };
		122403C32AF6D824003CF511 /* RecipeDetailsController.swift */ = {isa = PBXFileReference; lastKnownFileType = sourcecode.swift; path = RecipeDetailsController.swift; sourceTree = "<group>"; };
/* End PBXFileReference section */

/* Begin PBXFrameworksBuildPhase section */
		122403992AF65AC0003CF511 /* Frameworks */ = {
			isa = PBXFrameworksBuildPhase;
			buildActionMask = 2147483647;
			files = (
				122403B52AF6603F003CF511 /* SnapKit in Frameworks */,
				122403B72AF6603F003CF511 /* SnapKit-Dynamic in Frameworks */,
			);
			runOnlyForDeploymentPostprocessing = 0;
		};
/* End PBXFrameworksBuildPhase section */

/* Begin PBXGroup section */
		122403932AF65AC0003CF511 = {
			isa = PBXGroup;
			children = (
				1224039E2AF65AC1003CF511 /* RecipesTestTask */,
				1224039D2AF65AC0003CF511 /* Products */,
			);
			sourceTree = "<group>";
		};
		1224039D2AF65AC0003CF511 /* Products */ = {
			isa = PBXGroup;
			children = (
				1224039C2AF65AC0003CF511 /* RecipesTestTask.app */,
			);
			name = Products;
			sourceTree = "<group>";
		};
		1224039E2AF65AC1003CF511 /* RecipesTestTask */ = {
			isa = PBXGroup;
			children = (
				122403BC2AF662BE003CF511 /* View */,
				122403C22AF66503003CF511 /* ViewModel */,
				122403BD2AF662D6003CF511 /* Model */,
				122403C12AF664ED003CF511 /* Error */,
				122403BF2AF66313003CF511 /* AppDelegates */,
				122403C02AF6633A003CF511 /* Resources */,
				122403AD2AF65AC3003CF511 /* Info.plist */,
			);
			path = RecipesTestTask;
			sourceTree = "<group>";
		};
		122403BC2AF662BE003CF511 /* View */ = {
			isa = PBXGroup;
			children = (
				122403A32AF65AC1003CF511 /* MainPageController.swift */,
				122403C32AF6D824003CF511 /* RecipeDetailsController.swift */,
				122403BE2AF662F1003CF511 /* Cell */,
			);
			path = View;
			sourceTree = "<group>";
		};
		122403BD2AF662D6003CF511 /* Model */ = {
			isa = PBXGroup;
			children = (
				122403BA2AF66201003CF511 /* Recipe.swift */,
			);
			path = Model;
			sourceTree = "<group>";
		};
		122403BE2AF662F1003CF511 /* Cell */ = {
			isa = PBXGroup;
			children = (
				122403B82AF6610C003CF511 /* RecipesCVCell.swift */,
			);
			path = Cell;
			sourceTree = "<group>";
		};
		122403BF2AF66313003CF511 /* AppDelegates */ = {
			isa = PBXGroup;
			children = (
				1224039F2AF65AC1003CF511 /* AppDelegate.swift */,
				122403A12AF65AC1003CF511 /* SceneDelegate.swift */,
			);
			path = AppDelegates;
			sourceTree = "<group>";
		};
		122403C02AF6633A003CF511 /* Resources */ = {
			isa = PBXGroup;
			children = (
				122403A82AF65AC3003CF511 /* Assets.xcassets */,
				122403AA2AF65AC3003CF511 /* LaunchScreen.storyboard */,
			);
			path = Resources;
			sourceTree = "<group>";
		};
		122403C12AF664ED003CF511 /* Error */ = {
			isa = PBXGroup;
			children = (
			);
			path = Error;
			sourceTree = "<group>";
		};
		122403C22AF66503003CF511 /* ViewModel */ = {
			isa = PBXGroup;
			children = (
			);
			path = ViewModel;
			sourceTree = "<group>";
		};
/* End PBXGroup section */

/* Begin PBXNativeTarget section */
		1224039B2AF65AC0003CF511 /* RecipesTestTask */ = {
			isa = PBXNativeTarget;
			buildConfigurationList = 122403B02AF65AC3003CF511 /* Build configuration list for PBXNativeTarget "RecipesTestTask" */;
			buildPhases = (
				122403982AF65AC0003CF511 /* Sources */,
				122403992AF65AC0003CF511 /* Frameworks */,
				1224039A2AF65AC0003CF511 /* Resources */,
			);
			buildRules = (
			);
			dependencies = (
			);
			name = RecipesTestTask;
			packageProductDependencies = (
				122403B42AF6603F003CF511 /* SnapKit */,
				122403B62AF6603F003CF511 /* SnapKit-Dynamic */,
			);
			productName = RecipesTestTask;
			productReference = 1224039C2AF65AC0003CF511 /* RecipesTestTask.app */;
			productType = "com.apple.product-type.application";
		};
/* End PBXNativeTarget section */

/* Begin PBXProject section */
		122403942AF65AC0003CF511 /* Project object */ = {
			isa = PBXProject;
			attributes = {
				BuildIndependentTargetsInParallel = 1;
				LastSwiftUpdateCheck = 1500;
				LastUpgradeCheck = 1500;
				TargetAttributes = {
					1224039B2AF65AC0003CF511 = {
						CreatedOnToolsVersion = 15.0;
					};
				};
			};
			buildConfigurationList = 122403972AF65AC0003CF511 /* Build configuration list for PBXProject "RecipesTestTask" */;
			compatibilityVersion = "Xcode 14.0";
			developmentRegion = en;
			hasScannedForEncodings = 0;
			knownRegions = (
				en,
				Base,
			);
			mainGroup = 122403932AF65AC0003CF511;
			packageReferences = (
				122403B32AF6603F003CF511 /* XCRemoteSwiftPackageReference "SnapKit" */,
			);
			productRefGroup = 1224039D2AF65AC0003CF511 /* Products */;
			projectDirPath = "";
			projectRoot = "";
			targets = (
				1224039B2AF65AC0003CF511 /* RecipesTestTask */,
			);
		};
/* End PBXProject section */

/* Begin PBXResourcesBuildPhase section */
		1224039A2AF65AC0003CF511 /* Resources */ = {
			isa = PBXResourcesBuildPhase;
			buildActionMask = 2147483647;
			files = (
				122403AC2AF65AC3003CF511 /* LaunchScreen.storyboard in Resources */,
				122403A92AF65AC3003CF511 /* Assets.xcassets in Resources */,
			);
			runOnlyForDeploymentPostprocessing = 0;
		};
/* End PBXResourcesBuildPhase section */

/* Begin PBXSourcesBuildPhase section */
		122403982AF65AC0003CF511 /* Sources */ = {
			isa = PBXSourcesBuildPhase;
			buildActionMask = 2147483647;
			files = (
				122403C42AF6D824003CF511 /* RecipeDetailsController.swift in Sources */,
				122403A42AF65AC1003CF511 /* MainPageController.swift in Sources */,
				122403A02AF65AC1003CF511 /* AppDelegate.swift in Sources */,
				122403B92AF6610C003CF511 /* RecipesCVCell.swift in Sources */,
				122403A22AF65AC1003CF511 /* SceneDelegate.swift in Sources */,
				122403BB2AF66201003CF511 /* Recipe.swift in Sources */,
			);
			runOnlyForDeploymentPostprocessing = 0;
		};
/* End PBXSourcesBuildPhase section */

/* Begin PBXVariantGroup section */
		122403AA2AF65AC3003CF511 /* LaunchScreen.storyboard */ = {
			isa = PBXVariantGroup;
			children = (
				122403AB2AF65AC3003CF511 /* Base */,
			);
			name = LaunchScreen.storyboard;
			sourceTree = "<group>";
		};
/* End PBXVariantGroup section */

/* Begin XCBuildConfiguration section */
		122403AE2AF65AC3003CF511 /* Debug */ = {
			isa = XCBuildConfiguration;
			buildSettings = {
				ALWAYS_SEARCH_USER_PATHS = NO;
				ASSETCATALOG_COMPILER_GENERATE_SWIFT_ASSET_SYMBOL_EXTENSIONS = YES;
				CLANG_ANALYZER_NONNULL = YES;
				CLANG_ANALYZER_NUMBER_OBJECT_CONVERSION = YES_AGGRESSIVE;
				CLANG_CXX_LANGUAGE_STANDARD = "gnu++20";
				CLANG_ENABLE_MODULES = YES;
				CLANG_ENABLE_OBJC_ARC = YES;
				CLANG_ENABLE_OBJC_WEAK = YES;
				CLANG_WARN_BLOCK_CAPTURE_AUTORELEASING = YES;
				CLANG_WARN_BOOL_CONVERSION = YES;
				CLANG_WARN_COMMA = YES;
				CLANG_WARN_CONSTANT_CONVERSION = YES;
				CLANG_WARN_DEPRECATED_OBJC_IMPLEMENTATIONS = YES;
				CLANG_WARN_DIRECT_OBJC_ISA_USAGE = YES_ERROR;
				CLANG_WARN_DOCUMENTATION_COMMENTS = YES;
				CLANG_WARN_EMPTY_BODY = YES;
				CLANG_WARN_ENUM_CONVERSION = YES;
				CLANG_WARN_INFINITE_RECURSION = YES;
				CLANG_WARN_INT_CONVERSION = YES;
				CLANG_WARN_NON_LITERAL_NULL_CONVERSION = YES;
				CLANG_WARN_OBJC_IMPLICIT_RETAIN_SELF = YES;
				CLANG_WARN_OBJC_LITERAL_CONVERSION = YES;
				CLANG_WARN_OBJC_ROOT_CLASS = YES_ERROR;
				CLANG_WARN_QUOTED_INCLUDE_IN_FRAMEWORK_HEADER = YES;
				CLANG_WARN_RANGE_LOOP_ANALYSIS = YES;
				CLANG_WARN_STRICT_PROTOTYPES = YES;
				CLANG_WARN_SUSPICIOUS_MOVE = YES;
				CLANG_WARN_UNGUARDED_AVAILABILITY = YES_AGGRESSIVE;
				CLANG_WARN_UNREACHABLE_CODE = YES;
				CLANG_WARN__DUPLICATE_METHOD_MATCH = YES;
				COPY_PHASE_STRIP = NO;
				DEBUG_INFORMATION_FORMAT = dwarf;
				ENABLE_STRICT_OBJC_MSGSEND = YES;
				ENABLE_TESTABILITY = YES;
				ENABLE_USER_SCRIPT_SANDBOXING = YES;
				GCC_C_LANGUAGE_STANDARD = gnu17;
				GCC_DYNAMIC_NO_PIC = NO;
				GCC_NO_COMMON_BLOCKS = YES;
				GCC_OPTIMIZATION_LEVEL = 0;
				GCC_PREPROCESSOR_DEFINITIONS = (
					"DEBUG=1",
					"$(inherited)",
				);
				GCC_WARN_64_TO_32_BIT_CONVERSION = YES;
				GCC_WARN_ABOUT_RETURN_TYPE = YES_ERROR;
				GCC_WARN_UNDECLARED_SELECTOR = YES;
				GCC_WARN_UNINITIALIZED_AUTOS = YES_AGGRESSIVE;
				GCC_WARN_UNUSED_FUNCTION = YES;
				GCC_WARN_UNUSED_VARIABLE = YES;
				IPHONEOS_DEPLOYMENT_TARGET = 17.0;
				LOCALIZATION_PREFERS_STRING_CATALOGS = YES;
				MTL_ENABLE_DEBUG_INFO = INCLUDE_SOURCE;
				MTL_FAST_MATH = YES;
				ONLY_ACTIVE_ARCH = YES;
				SDKROOT = iphoneos;
				SWIFT_ACTIVE_COMPILATION_CONDITIONS = "DEBUG $(inherited)";
				SWIFT_OPTIMIZATION_LEVEL = "-Onone";
			};
			name = Debug;
		};
		122403AF2AF65AC3003CF511 /* Release */ = {
			isa = XCBuildConfiguration;
			buildSettings = {
				ALWAYS_SEARCH_USER_PATHS = NO;
				ASSETCATALOG_COMPILER_GENERATE_SWIFT_ASSET_SYMBOL_EXTENSIONS = YES;
				CLANG_ANALYZER_NONNULL = YES;
				CLANG_ANALYZER_NUMBER_OBJECT_CONVERSION = YES_AGGRESSIVE;
				CLANG_CXX_LANGUAGE_STANDARD = "gnu++20";
				CLANG_ENABLE_MODULES = YES;
				CLANG_ENABLE_OBJC_ARC = YES;
				CLANG_ENABLE_OBJC_WEAK = YES;
				CLANG_WARN_BLOCK_CAPTURE_AUTORELEASING = YES;
				CLANG_WARN_BOOL_CONVERSION = YES;
				CLANG_WARN_COMMA = YES;
				CLANG_WARN_CONSTANT_CONVERSION = YES;
				CLANG_WARN_DEPRECATED_OBJC_IMPLEMENTATIONS = YES;
				CLANG_WARN_DIRECT_OBJC_ISA_USAGE = YES_ERROR;
				CLANG_WARN_DOCUMENTATION_COMMENTS = YES;
				CLANG_WARN_EMPTY_BODY = YES;
				CLANG_WARN_ENUM_CONVERSION = YES;
				CLANG_WARN_INFINITE_RECURSION = YES;
				CLANG_WARN_INT_CONVERSION = YES;
				CLANG_WARN_NON_LITERAL_NULL_CONVERSION = YES;
				CLANG_WARN_OBJC_IMPLICIT_RETAIN_SELF = YES;
				CLANG_WARN_OBJC_LITERAL_CONVERSION = YES;
				CLANG_WARN_OBJC_ROOT_CLASS = YES_ERROR;
				CLANG_WARN_QUOTED_INCLUDE_IN_FRAMEWORK_HEADER = YES;
				CLANG_WARN_RANGE_LOOP_ANALYSIS = YES;
				CLANG_WARN_STRICT_PROTOTYPES = YES;
				CLANG_WARN_SUSPICIOUS_MOVE = YES;
				CLANG_WARN_UNGUARDED_AVAILABILITY = YES_AGGRESSIVE;
				CLANG_WARN_UNREACHABLE_CODE = YES;
				CLANG_WARN__DUPLICATE_METHOD_MATCH = YES;
				COPY_PHASE_STRIP = NO;
				DEBUG_INFORMATION_FORMAT = "dwarf-with-dsym";
				ENABLE_NS_ASSERTIONS = NO;
				ENABLE_STRICT_OBJC_MSGSEND = YES;
				ENABLE_USER_SCRIPT_SANDBOXING = YES;
				GCC_C_LANGUAGE_STANDARD = gnu17;
				GCC_NO_COMMON_BLOCKS = YES;
				GCC_WARN_64_TO_32_BIT_CONVERSION = YES;
				GCC_WARN_ABOUT_RETURN_TYPE = YES_ERROR;
				GCC_WARN_UNDECLARED_SELECTOR = YES;
				GCC_WARN_UNINITIALIZED_AUTOS = YES_AGGRESSIVE;
				GCC_WARN_UNUSED_FUNCTION = YES;
				GCC_WARN_UNUSED_VARIABLE = YES;
				IPHONEOS_DEPLOYMENT_TARGET = 17.0;
				LOCALIZATION_PREFERS_STRING_CATALOGS = YES;
				MTL_ENABLE_DEBUG_INFO = NO;
				MTL_FAST_MATH = YES;
				SDKROOT = iphoneos;
				SWIFT_COMPILATION_MODE = wholemodule;
				VALIDATE_PRODUCT = YES;
			};
			name = Release;
		};
		122403B12AF65AC3003CF511 /* Debug */ = {
			isa = XCBuildConfiguration;
			buildSettings = {
				ASSETCATALOG_COMPILER_APPICON_NAME = AppIcon;
				ASSETCATALOG_COMPILER_GLOBAL_ACCENT_COLOR_NAME = AccentColor;
				CODE_SIGN_STYLE = Automatic;
				CURRENT_PROJECT_VERSION = 1;
				DEVELOPMENT_TEAM = CCCW4AN62Y;
				GENERATE_INFOPLIST_FILE = YES;
				INFOPLIST_FILE = RecipesTestTask/Info.plist;
				INFOPLIST_KEY_UIApplicationSupportsIndirectInputEvents = YES;
				INFOPLIST_KEY_UILaunchStoryboardName = LaunchScreen;
				INFOPLIST_KEY_UISupportedInterfaceOrientations_iPad = "UIInterfaceOrientationPortrait UIInterfaceOrientationPortraitUpsideDown UIInterfaceOrientationLandscapeLeft UIInterfaceOrientationLandscapeRight";
				INFOPLIST_KEY_UISupportedInterfaceOrientations_iPhone = "UIInterfaceOrientationPortrait UIInterfaceOrientationLandscapeLeft UIInterfaceOrientationLandscapeRight";
				LD_RUNPATH_SEARCH_PATHS = (
					"$(inherited)",
					"@executable_path/Frameworks",
				);
				MARKETING_VERSION = 1.0;
				PRODUCT_BUNDLE_IDENTIFIER = com.halai.RecipesTestTask;
				PRODUCT_NAME = "$(TARGET_NAME)";
				SWIFT_EMIT_LOC_STRINGS = YES;
				SWIFT_VERSION = 5.0;
				TARGETED_DEVICE_FAMILY = "1,2";
			};
			name = Debug;
		};
		122403B22AF65AC3003CF511 /* Release */ = {
			isa = XCBuildConfiguration;
			buildSettings = {
				ASSETCATALOG_COMPILER_APPICON_NAME = AppIcon;
				ASSETCATALOG_COMPILER_GLOBAL_ACCENT_COLOR_NAME = AccentColor;
				CODE_SIGN_STYLE = Automatic;
				CURRENT_PROJECT_VERSION = 1;
				DEVELOPMENT_TEAM = CCCW4AN62Y;
				GENERATE_INFOPLIST_FILE = YES;
				INFOPLIST_FILE = RecipesTestTask/Info.plist;
				INFOPLIST_KEY_UIApplicationSupportsIndirectInputEvents = YES;
				INFOPLIST_KEY_UILaunchStoryboardName = LaunchScreen;
				INFOPLIST_KEY_UISupportedInterfaceOrientations_iPad = "UIInterfaceOrientationPortrait UIInterfaceOrientationPortraitUpsideDown UIInterfaceOrientationLandscapeLeft UIInterfaceOrientationLandscapeRight";
				INFOPLIST_KEY_UISupportedInterfaceOrientations_iPhone = "UIInterfaceOrientationPortrait UIInterfaceOrientationLandscapeLeft UIInterfaceOrientationLandscapeRight";
				LD_RUNPATH_SEARCH_PATHS = (
					"$(inherited)",
					"@executable_path/Frameworks",
				);
				MARKETING_VERSION = 1.0;
				PRODUCT_BUNDLE_IDENTIFIER = com.halai.RecipesTestTask;
				PRODUCT_NAME = "$(TARGET_NAME)";
				SWIFT_EMIT_LOC_STRINGS = YES;
				SWIFT_VERSION = 5.0;
				TARGETED_DEVICE_FAMILY = "1,2";
			};
			name = Release;
		};
/* End XCBuildConfiguration section */

/* Begin XCConfigurationList section */
		122403972AF65AC0003CF511 /* Build configuration list for PBXProject "RecipesTestTask" */ = {
			isa = XCConfigurationList;
			buildConfigurations = (
				122403AE2AF65AC3003CF511 /* Debug */,
				122403AF2AF65AC3003CF511 /* Release */,
			);
			defaultConfigurationIsVisible = 0;
			defaultConfigurationName = Release;
		};
		122403B02AF65AC3003CF511 /* Build configuration list for PBXNativeTarget "RecipesTestTask" */ = {
			isa = XCConfigurationList;
			buildConfigurations = (
				122403B12AF65AC3003CF511 /* Debug */,
				122403B22AF65AC3003CF511 /* Release */,
			);
			defaultConfigurationIsVisible = 0;
			defaultConfigurationName = Release;
		};
/* End XCConfigurationList section */

/* Begin XCRemoteSwiftPackageReference section */
		122403B32AF6603F003CF511 /* XCRemoteSwiftPackageReference "SnapKit" */ = {
			isa = XCRemoteSwiftPackageReference;
			repositoryURL = "https://github.com/SnapKit/SnapKit.git";
			requirement = {
				kind = upToNextMajorVersion;
				minimumVersion = 5.6.0;
			};
		};
/* End XCRemoteSwiftPackageReference section */

/* Begin XCSwiftPackageProductDependency section */
		122403B42AF6603F003CF511 /* SnapKit */ = {
			isa = XCSwiftPackageProductDependency;
			package = 122403B32AF6603F003CF511 /* XCRemoteSwiftPackageReference "SnapKit" */;
			productName = SnapKit;
		};
		122403B62AF6603F003CF511 /* SnapKit-Dynamic */ = {
			isa = XCSwiftPackageProductDependency;
			package = 122403B32AF6603F003CF511 /* XCRemoteSwiftPackageReference "SnapKit" */;
			productName = "SnapKit-Dynamic";
		};
/* End XCSwiftPackageProductDependency section */
	};
	rootObject = 122403942AF65AC0003CF511 /* Project object */;
}
